{
  "originHash" : "7abf1dd76d62709d50ab97ba7b5907de6a95cbc813d2bf154db0688b92d85914",
  "pins" : [
    {
      "identity" : "viewinspector",
      "kind" : "remoteSourceControl",
      "location" : "https://github.com/nalexn/ViewInspector",
      "state" : {
        "revision" : "5acfa0a3c095ac9ad050abe51c60d1831e8321da",
        "version" : "0.10.0"
      }
    }
  ],
  "version" : 3
}
